// !$*UTF8*$!
{
	archiveVersion = 1;
	classes = {
	};
	objectVersion = 46;
	objects = {

/* Begin PBXBuildFile section */
		043548B41B180723007C95A3 /* AppDelegate.swift in Sources */ = {isa = PBXBuildFile; fileRef = 043548B31B180723007C95A3 /* AppDelegate.swift */; };
		043548B61B180723007C95A3 /* ViewController.swift in Sources */ = {isa = PBXBuildFile; fileRef = 043548B51B180723007C95A3 /* ViewController.swift */; };
		043548B81B180723007C95A3 /* Images.xcassets in Resources */ = {isa = PBXBuildFile; fileRef = 043548B71B180723007C95A3 /* Images.xcassets */; };
		043548BB1B180723007C95A3 /* Main.storyboard in Resources */ = {isa = PBXBuildFile; fileRef = 043548B91B180723007C95A3 /* Main.storyboard */; };
		043548C71B180723007C95A3 /* CertStepperMacTests.swift in Sources */ = {isa = PBXBuildFile; fileRef = 043548C61B180723007C95A3 /* CertStepperMacTests.swift */; };
/* End PBXBuildFile section */

/* Begin PBXContainerItemProxy section */
		043548C11B180723007C95A3 /* PBXContainerItemProxy */ = {
			isa = PBXContainerItemProxy;
			containerPortal = 043548A61B180723007C95A3 /* Project object */;
			proxyType = 1;
			remoteGlobalIDString = 043548AD1B180723007C95A3;
			remoteInfo = CertStepperMac;
		};
/* End PBXContainerItemProxy section */

/* Begin PBXFileReference section */
		043548AE1B180723007C95A3 /* CertStepperMac.app */ = {isa = PBXFileReference; explicitFileType = wrapper.application; includeInIndex = 0; path = CertStepperMac.app; sourceTree = BUILT_PRODUCTS_DIR; };
		043548B21B180723007C95A3 /* Info.plist */ = {isa = PBXFileReference; lastKnownFileType = text.plist.xml; path = Info.plist; sourceTree = "<group>"; };
		043548B31B180723007C95A3 /* AppDelegate.swift */ = {isa = PBXFileReference; lastKnownFileType = sourcecode.swift; path = AppDelegate.swift; sourceTree = "<group>"; };
		043548B51B180723007C95A3 /* ViewController.swift */ = {isa = PBXFileReference; lastKnownFileType = sourcecode.swift; path = ViewController.swift; sourceTree = "<group>"; };
		043548B71B180723007C95A3 /* Images.xcassets */ = {isa = PBXFileReference; lastKnownFileType = folder.assetcatalog; path = Images.xcassets; sourceTree = "<group>"; };
		043548BA1B180723007C95A3 /* Base */ = {isa = PBXFileReference; lastKnownFileType = file.storyboard; name = Base; path = Base.lproj/Main.storyboard; sourceTree = "<group>"; };
		043548C01B180723007C95A3 /* CertStepperMacTests.xctest */ = {isa = PBXFileReference; explicitFileType = wrapper.cfbundle; includeInIndex = 0; path = CertStepperMacTests.xctest; sourceTree = BUILT_PRODUCTS_DIR; };
		043548C51B180723007C95A3 /* Info.plist */ = {isa = PBXFileReference; lastKnownFileType = text.plist.xml; path = Info.plist; sourceTree = "<group>"; };
		043548C61B180723007C95A3 /* CertStepperMacTests.swift */ = {isa = PBXFileReference; lastKnownFileType = sourcecode.swift; path = CertStepperMacTests.swift; sourceTree = "<group>"; };
		043548D01B18358E007C95A3 /* CertStepperMac-Bridging-Header.h */ = {isa = PBXFileReference; lastKnownFileType = sourcecode.c.h; path = "CertStepperMac-Bridging-Header.h"; sourceTree = "<group>"; };
/* End PBXFileReference section */

/* Begin PBXFrameworksBuildPhase section */
		043548AB1B180723007C95A3 /* Frameworks */ = {
			isa = PBXFrameworksBuildPhase;
			buildActionMask = 2147483647;
			files = (
			);
			runOnlyForDeploymentPostprocessing = 0;
		};
		043548BD1B180723007C95A3 /* Frameworks */ = {
			isa = PBXFrameworksBuildPhase;
			buildActionMask = 2147483647;
			files = (
			);
			runOnlyForDeploymentPostprocessing = 0;
		};
/* End PBXFrameworksBuildPhase section */

/* Begin PBXGroup section */
		043548A51B180723007C95A3 = {
			isa = PBXGroup;
			children = (
				043548B01B180723007C95A3 /* CertStepperMac */,
				043548C31B180723007C95A3 /* CertStepperMacTests */,
				043548AF1B180723007C95A3 /* Products */,
			);
			sourceTree = "<group>";
		};
		043548AF1B180723007C95A3 /* Products */ = {
			isa = PBXGroup;
			children = (
				043548AE1B180723007C95A3 /* CertStepperMac.app */,
				043548C01B180723007C95A3 /* CertStepperMacTests.xctest */,
			);
			name = Products;
			sourceTree = "<group>";
		};
		043548B01B180723007C95A3 /* CertStepperMac */ = {
			isa = PBXGroup;
			children = (
				043548B31B180723007C95A3 /* AppDelegate.swift */,
				043548B51B180723007C95A3 /* ViewController.swift */,
				043548B71B180723007C95A3 /* Images.xcassets */,
				043548B91B180723007C95A3 /* Main.storyboard */,
				043548B11B180723007C95A3 /* Supporting Files */,
				043548D01B18358E007C95A3 /* CertStepperMac-Bridging-Header.h */,
			);
			path = CertStepperMac;
			sourceTree = "<group>";
		};
		043548B11B180723007C95A3 /* Supporting Files */ = {
			isa = PBXGroup;
			children = (
				043548B21B180723007C95A3 /* Info.plist */,
			);
			name = "Supporting Files";
			sourceTree = "<group>";
		};
		043548C31B180723007C95A3 /* CertStepperMacTests */ = {
			isa = PBXGroup;
			children = (
				043548C61B180723007C95A3 /* CertStepperMacTests.swift */,
				043548C41B180723007C95A3 /* Supporting Files */,
			);
			path = CertStepperMacTests;
			sourceTree = "<group>";
		};
		043548C41B180723007C95A3 /* Supporting Files */ = {
			isa = PBXGroup;
			children = (
				043548C51B180723007C95A3 /* Info.plist */,
			);
			name = "Supporting Files";
			sourceTree = "<group>";
		};
/* End PBXGroup section */

/* Begin PBXNativeTarget section */
		043548AD1B180723007C95A3 /* CertStepperMac */ = {
			isa = PBXNativeTarget;
			buildConfigurationList = 043548CA1B180723007C95A3 /* Build configuration list for PBXNativeTarget "CertStepperMac" */;
			buildPhases = (
				043548AA1B180723007C95A3 /* Sources */,
				043548AB1B180723007C95A3 /* Frameworks */,
				043548AC1B180723007C95A3 /* Resources */,
			);
			buildRules = (
			);
			dependencies = (
			);
			name = CertStepperMac;
			productName = CertStepperMac;
			productReference = 043548AE1B180723007C95A3 /* CertStepperMac.app */;
			productType = "com.apple.product-type.application";
		};
		043548BF1B180723007C95A3 /* CertStepperMacTests */ = {
			isa = PBXNativeTarget;
			buildConfigurationList = 043548CD1B180723007C95A3 /* Build configuration list for PBXNativeTarget "CertStepperMacTests" */;
			buildPhases = (
				043548BC1B180723007C95A3 /* Sources */,
				043548BD1B180723007C95A3 /* Frameworks */,
				043548BE1B180723007C95A3 /* Resources */,
			);
			buildRules = (
			);
			dependencies = (
				043548C21B180723007C95A3 /* PBXTargetDependency */,
			);
			name = CertStepperMacTests;
			productName = CertStepperMacTests;
			productReference = 043548C01B180723007C95A3 /* CertStepperMacTests.xctest */;
			productType = "com.apple.product-type.bundle.unit-test";
		};
/* End PBXNativeTarget section */

/* Begin PBXProject section */
		043548A61B180723007C95A3 /* Project object */ = {
			isa = PBXProject;
			attributes = {
				LastUpgradeCheck = 0610;
				ORGANIZATIONNAME = kaicheng;
				TargetAttributes = {
					043548AD1B180723007C95A3 = {
						CreatedOnToolsVersion = 6.1.1;
					};
					043548BF1B180723007C95A3 = {
						CreatedOnToolsVersion = 6.1.1;
						TestTargetID = 043548AD1B180723007C95A3;
					};
				};
			};
			buildConfigurationList = 043548A91B180723007C95A3 /* Build configuration list for PBXProject "CertStepperMac" */;
			compatibilityVersion = "Xcode 3.2";
			developmentRegion = English;
			hasScannedForEncodings = 0;
			knownRegions = (
				en,
				Base,
			);
			mainGroup = 043548A51B180723007C95A3;
			productRefGroup = 043548AF1B180723007C95A3 /* Products */;
			projectDirPath = "";
			projectRoot = "";
			targets = (
				043548AD1B180723007C95A3 /* CertStepperMac */,
				043548BF1B180723007C95A3 /* CertStepperMacTests */,
			);
		};
/* End PBXProject section */

/* Begin PBXResourcesBuildPhase section */
		043548AC1B180723007C95A3 /* Resources */ = {
			isa = PBXResourcesBuildPhase;
			buildActionMask = 2147483647;
			files = (
				043548B81B180723007C95A3 /* Images.xcassets in Resources */,
				043548BB1B180723007C95A3 /* Main.storyboard in Resources */,
			);
			runOnlyForDeploymentPostprocessing = 0;
		};
		043548BE1B180723007C95A3 /* Resources */ = {
			isa = PBXResourcesBuildPhase;
			buildActionMask = 2147483647;
			files = (
			);
			runOnlyForDeploymentPostprocessing = 0;
		};
/* End PBXResourcesBuildPhase section */

/* Begin PBXSourcesBuildPhase section */
		043548AA1B180723007C95A3 /* Sources */ = {
			isa = PBXSourcesBuildPhase;
			buildActionMask = 2147483647;
			files = (
				043548B61B180723007C95A3 /* ViewController.swift in Sources */,
				043548B41B180723007C95A3 /* AppDelegate.swift in Sources */,
			);
			runOnlyForDeploymentPostprocessing = 0;
		};
		043548BC1B180723007C95A3 /* Sources */ = {
			isa = PBXSourcesBuildPhase;
			buildActionMask = 2147483647;
			files = (
				043548C71B180723007C95A3 /* CertStepperMacTests.swift in Sources */,
			);
			runOnlyForDeploymentPostprocessing = 0;
		};
/* End PBXSourcesBuildPhase section */

/* Begin PBXTargetDependency section */
		043548C21B180723007C95A3 /* PBXTargetDependency */ = {
			isa = PBXTargetDependency;
			target = 043548AD1B180723007C95A3 /* CertStepperMac */;
			targetProxy = 043548C11B180723007C95A3 /* PBXContainerItemProxy */;
		};
/* End PBXTargetDependency section */

/* Begin PBXVariantGroup section */
		043548B91B180723007C95A3 /* Main.storyboard */ = {
			isa = PBXVariantGroup;
			children = (
				043548BA1B180723007C95A3 /* Base */,
			);
			name = Main.storyboard;
			sourceTree = "<group>";
		};
/* End PBXVariantGroup section */

/* Begin XCBuildConfiguration section */
		043548C81B180723007C95A3 /* Debug */ = {
			isa = XCBuildConfiguration;
			buildSettings = {
				ALWAYS_SEARCH_USER_PATHS = NO;
				CLANG_CXX_LANGUAGE_STANDARD = "gnu++0x";
				CLANG_CXX_LIBRARY = "libc++";
				CLANG_ENABLE_MODULES = YES;
				CLANG_ENABLE_OBJC_ARC = YES;
				CLANG_WARN_BOOL_CONVERSION = YES;
				CLANG_WARN_CONSTANT_CONVERSION = YES;
				CLANG_WARN_DIRECT_OBJC_ISA_USAGE = YES_ERROR;
				CLANG_WARN_EMPTY_BODY = YES;
				CLANG_WARN_ENUM_CONVERSION = YES;
				CLANG_WARN_INT_CONVERSION = YES;
				CLANG_WARN_OBJC_ROOT_CLASS = YES_ERROR;
				CLANG_WARN_UNREACHABLE_CODE = YES;
				CLANG_WARN__DUPLICATE_METHOD_MATCH = YES;
				CODE_SIGN_IDENTITY = "-";
				COPY_PHASE_STRIP = NO;
				ENABLE_STRICT_OBJC_MSGSEND = YES;
				GCC_C_LANGUAGE_STANDARD = gnu99;
				GCC_DYNAMIC_NO_PIC = NO;
				GCC_OPTIMIZATION_LEVEL = 0;
				GCC_PREPROCESSOR_DEFINITIONS = (
					"DEBUG=1",
					"$(inherited)",
				);
				GCC_SYMBOLS_PRIVATE_EXTERN = NO;
				GCC_WARN_64_TO_32_BIT_CONVERSION = YES;
				GCC_WARN_ABOUT_RETURN_TYPE = YES_ERROR;
				GCC_WARN_UNDECLARED_SELECTOR = YES;
				GCC_WARN_UNINITIALIZED_AUTOS = YES_AGGRESSIVE;
				GCC_WARN_UNUSED_FUNCTION = YES;
				GCC_WARN_UNUSED_VARIABLE = YES;
				MACOSX_DEPLOYMENT_TARGET = 10.10;
				MTL_ENABLE_DEBUG_INFO = YES;
				ONLY_ACTIVE_ARCH = YES;
				SDKROOT = macosx;
				SWIFT_OPTIMIZATION_LEVEL = "-Onone";
			};
			name = Debug;
		};
		043548C91B180723007C95A3 /* Release */ = {
			isa = XCBuildConfiguration;
			buildSettings = {
				ALWAYS_SEARCH_USER_PATHS = NO;
				CLANG_CXX_LANGUAGE_STANDARD = "gnu++0x";
				CLANG_CXX_LIBRARY = "libc++";
				CLANG_ENABLE_MODULES = YES;
				CLANG_ENABLE_OBJC_ARC = YES;
				CLANG_WARN_BOOL_CONVERSION = YES;
				CLANG_WARN_CONSTANT_CONVERSION = YES;
				CLANG_WARN_DIRECT_OBJC_ISA_USAGE = YES_ERROR;
				CLANG_WARN_EMPTY_BODY = YES;
				CLANG_WARN_ENUM_CONVERSION = YES;
				CLANG_WARN_INT_CONVERSION = YES;
				CLANG_WARN_OBJC_ROOT_CLASS = YES_ERROR;
				CLANG_WARN_UNREACHABLE_CODE = YES;
				CLANG_WARN__DUPLICATE_METHOD_MATCH = YES;
				CODE_SIGN_IDENTITY = "-";
				COPY_PHASE_STRIP = YES;
				DEBUG_INFORMATION_FORMAT = "dwarf-with-dsym";
				ENABLE_NS_ASSERTIONS = NO;
				ENABLE_STRICT_OBJC_MSGSEND = YES;
				GCC_C_LANGUAGE_STANDARD = gnu99;
				GCC_WARN_64_TO_32_BIT_CONVERSION = YES;
				GCC_WARN_ABOUT_RETURN_TYPE = YES_ERROR;
				GCC_WARN_UNDECLARED_SELECTOR = YES;
				GCC_WARN_UNINITIALIZED_AUTOS = YES_AGGRESSIVE;
				GCC_WARN_UNUSED_FUNCTION = YES;
				GCC_WARN_UNUSED_VARIABLE = YES;
				MACOSX_DEPLOYMENT_TARGET = 10.10;
				MTL_ENABLE_DEBUG_INFO = NO;
				SDKROOT = macosx;
			};
			name = Release;
		};
		043548CB1B180723007C95A3 /* Debug */ = {
			isa = XCBuildConfiguration;
			buildSettings = {
				ASSETCATALOG_COMPILER_APPICON_NAME = AppIcon;
				CLANG_ENABLE_MODULES = YES;
				COMBINE_HIDPI_IMAGES = YES;
				INFOPLIST_FILE = CertStepperMac/Info.plist;
				LD_RUNPATH_SEARCH_PATHS = "$(inherited) @executable_path/../Frameworks";
				MACOSX_DEPLOYMENT_TARGET = 10.10;
				PRODUCT_NAME = "$(TARGET_NAME)";
				SWIFT_OBJC_BRIDGING_HEADER = "CertStepperMac/CertStepperMac-Bridging-Header.h";
				SWIFT_OPTIMIZATION_LEVEL = "-Onone";
			};
			name = Debug;
		};
		043548CC1B180723007C95A3 /* Release */ = {
			isa = XCBuildConfiguration;
			buildSettings = {
				ASSETCATALOG_COMPILER_APPICON_NAME = AppIcon;
				CLANG_ENABLE_MODULES = YES;
				COMBINE_HIDPI_IMAGES = YES;
				INFOPLIST_FILE = CertStepperMac/Info.plist;
				LD_RUNPATH_SEARCH_PATHS = "$(inherited) @executable_path/../Frameworks";
				MACOSX_DEPLOYMENT_TARGET = 10.10;
				PRODUCT_NAME = "$(TARGET_NAME)";
				SWIFT_OBJC_BRIDGING_HEADER = "CertStepperMac/CertStepperMac-Bridging-Header.h";
			};
			name = Release;
		};
		043548CE1B180723007C95A3 /* Debug */ = {
			isa = XCBuildConfiguration;
			buildSettings = {
				BUNDLE_LOADER = "$(TEST_HOST)";
				COMBINE_HIDPI_IMAGES = YES;
				FRAMEWORK_SEARCH_PATHS = (
					"$(DEVELOPER_FRAMEWORKS_DIR)",
					"$(inherited)",
				);
				GCC_PREPROCESSOR_DEFINITIONS = (
					"DEBUG=1",
					"$(inherited)",
				);
				INFOPLIST_FILE = CertStepperMacTests/Info.plist;
				LD_RUNPATH_SEARCH_PATHS = "$(inherited) @executable_path/../Frameworks @loader_path/../Frameworks";
				PRODUCT_NAME = "$(TARGET_NAME)";
				TEST_HOST = "$(BUILT_PRODUCTS_DIR)/CertStepperMac.app/Contents/MacOS/CertStepperMac";
			};
			name = Debug;
		};
		043548CF1B180723007C95A3 /* Release */ = {
			isa = XCBuildConfiguration;
			buildSettings = {
				BUNDLE_LOADER = "$(TEST_HOST)";
				COMBINE_HIDPI_IMAGES = YES;
				FRAMEWORK_SEARCH_PATHS = (
					"$(DEVELOPER_FRAMEWORKS_DIR)",
					"$(inherited)",
				);
				INFOPLIST_FILE = CertStepperMacTests/Info.plist;
				LD_RUNPATH_SEARCH_PATHS = "$(inherited) @executable_path/../Frameworks @loader_path/../Frameworks";
				PRODUCT_NAME = "$(TARGET_NAME)";
				TEST_HOST = "$(BUILT_PRODUCTS_DIR)/CertStepperMac.app/Contents/MacOS/CertStepperMac";
			};
			name = Release;
		};
/* End XCBuildConfiguration section */

/* Begin XCConfigurationList section */
		043548A91B180723007C95A3 /* Build configuration list for PBXProject "CertStepperMac" */ = {
			isa = XCConfigurationList;
			buildConfigurations = (
				043548C81B180723007C95A3 /* Debug */,
				043548C91B180723007C95A3 /* Release */,
			);
			defaultConfigurationIsVisible = 0;
			defaultConfigurationName = Release;
		};
		043548CA1B180723007C95A3 /* Build configuration list for PBXNativeTarget "CertStepperMac" */ = {
			isa = XCConfigurationList;
			buildConfigurations = (
				043548CB1B180723007C95A3 /* Debug */,
				043548CC1B180723007C95A3 /* Release */,
			);
			defaultConfigurationIsVisible = 0;
		};
		043548CD1B180723007C95A3 /* Build configuration list for PBXNativeTarget "CertStepperMacTests" */ = {
			isa = XCConfigurationList;
			buildConfigurations = (
				043548CE1B180723007C95A3 /* Debug */,
				043548CF1B180723007C95A3 /* Release */,
			);
			defaultConfigurationIsVisible = 0;
		};
/* End XCConfigurationList section */
	};
	rootObject = 043548A61B180723007C95A3 /* Project object */;
}
